
Microsoft Visual Studio Solution File, Format Version 12.00
# Visual Studio Version 17
VisualStudioVersion = 17.0.32014.148
MinimumVisualStudioVersion = 10.0.40219.1
Project("{FAE04EC0-301F-11D3-BF4B-00C04F79EFBC}") = "ProgrammingExercises", "ProgrammingExercises\ProgrammingExercises.csproj", "{4DDA5672-D1F1-4F97-B603-ED806ED41D1B}"
EndProject
Global
	GlobalSection(SolutionConfigurationPlatforms) = preSolution
		Debug|Any CPU = Debug|Any CPU
		Release|Any CPU = Release|Any CPU
	EndGlobalSection
	GlobalSection(ProjectConfigurationPlatforms) = postSolution
		{4DDA5672-D1F1-4F97-B603-ED806ED41D1B}.Debug|Any CPU.ActiveCfg = Debug|Any CPU
		{4DDA5672-D1F1-4F97-B603-ED806ED41D1B}.Debug|Any CPU.Build.0 = Debug|Any CPU
		{4DDA5672-D1F1-4F97-B603-ED806ED41D1B}.Release|Any CPU.ActiveCfg = Release|Any CPU
		{4DDA5672-D1F1-4F97-B603-ED806ED41D1B}.Release|Any CPU.Build.0 = Release|Any CPU
	EndGlobalSection
	GlobalSection(SolutionProperties) = preSolution
		HideSolutionNode = FALSE
	EndGlobalSection
	GlobalSection(ExtensibilityGlobals) = postSolution
		SolutionGuid = {FA9C23A6-D77F-4E6F-BD91-8BABF709A872}
	EndGlobalSection
EndGlobal
